
Microsoft Visual Studio Solution File, Format Version 12.00
# Visual Studio Version 17
VisualStudioVersion = 17.9.34728.123
MinimumVisualStudioVersion = 10.0.40219.1
Project("{9A19103F-16F7-4668-BE54-9A1E7A4F7556}") = "JJManager.Core", "JJManager.Core\JJManager.Core.csproj", "{A1B2C3D4-E5F6-4A5B-8C7D-9E0F1A2B3C4D}"
EndProject
Project("{9A19103F-16F7-4668-BE54-9A1E7A4F7556}") = "JJManager.Desktop", "JJManager.Desktop\JJManager.Desktop.csproj", "{B2C3D4E5-F6A7-5B6C-9D8E-0F1A2B3C4D5E}"
EndProject
Project("{9A19103F-16F7-4668-BE54-9A1E7A4F7556}") = "JJManager.Platform.Windows", "JJManager.Platform.Windows\JJManager.Platform.Windows.csproj", "{C3D4E5F6-A7B8-6C7D-AE9F-1A2B3C4D5E6F}"
EndProject
Project("{9A19103F-16F7-4668-BE54-9A1E7A4F7556}") = "JJManager.Platform.Linux", "JJManager.Platform.Linux\JJManager.Platform.Linux.csproj", "{D4E5F6A7-B8C9-7D8E-BF0A-2B3C4D5E6F7A}"
EndProject
Project("{9A19103F-16F7-4668-BE54-9A1E7A4F7556}") = "JJManager.Infrastructure", "JJManager.Infrastructure\JJManager.Infrastructure.csproj", "{E5F6A7B8-C9DA-8E9F-C0B1-3C4D5E6F7A8C}"
EndProject
Project("{2150E333-8FDC-42A3-9474-1A3956D46DE8}") = "Solution Items", "Solution Items", "{E5F6A7B8-C9DA-8E9F-C0B1-3C4D5E6F7A8B}"
	ProjectSection(SolutionItems) = preProject
		CLAUDE.md = CLAUDE.md
		README.md = README.md
	EndProjectSection
EndProject
Global
	GlobalSection(SolutionConfigurationPlatforms) = preSolution
		Debug|Any CPU = Debug|Any CPU
		Debug|x64 = Debug|x64
		Release|Any CPU = Release|Any CPU
		Release|x64 = Release|x64
	EndGlobalSection
	GlobalSection(ProjectConfigurationPlatforms) = postSolution
		{A1B2C3D4-E5F6-4A5B-8C7D-9E0F1A2B3C4D}.Debug|Any CPU.ActiveCfg = Debug|Any CPU
		{A1B2C3D4-E5F6-4A5B-8C7D-9E0F1A2B3C4D}.Debug|Any CPU.Build.0 = Debug|Any CPU
		{A1B2C3D4-E5F6-4A5B-8C7D-9E0F1A2B3C4D}.Debug|x64.ActiveCfg = Debug|Any CPU
		{A1B2C3D4-E5F6-4A5B-8C7D-9E0F1A2B3C4D}.Debug|x64.Build.0 = Debug|Any CPU
		{A1B2C3D4-E5F6-4A5B-8C7D-9E0F1A2B3C4D}.Release|Any CPU.ActiveCfg = Release|Any CPU
		{A1B2C3D4-E5F6-4A5B-8C7D-9E0F1A2B3C4D}.Release|Any CPU.Build.0 = Release|Any CPU
		{A1B2C3D4-E5F6-4A5B-8C7D-9E0F1A2B3C4D}.Release|x64.ActiveCfg = Release|Any CPU
		{A1B2C3D4-E5F6-4A5B-8C7D-9E0F1A2B3C4D}.Release|x64.Build.0 = Release|Any CPU
		{B2C3D4E5-F6A7-5B6C-9D8E-0F1A2B3C4D5E}.Debug|Any CPU.ActiveCfg = Debug|Any CPU
		{B2C3D4E5-F6A7-5B6C-9D8E-0F1A2B3C4D5E}.Debug|Any CPU.Build.0 = Debug|Any CPU
		{B2C3D4E5-F6A7-5B6C-9D8E-0F1A2B3C4D5E}.Debug|x64.ActiveCfg = Debug|Any CPU
		{B2C3D4E5-F6A7-5B6C-9D8E-0F1A2B3C4D5E}.Debug|x64.Build.0 = Debug|Any CPU
		{B2C3D4E5-F6A7-5B6C-9D8E-0F1A2B3C4D5E}.Release|Any CPU.ActiveCfg = Release|Any CPU
		{B2C3D4E5-F6A7-5B6C-9D8E-0F1A2B3C4D5E}.Release|Any CPU.Build.0 = Release|Any CPU
		{B2C3D4E5-F6A7-5B6C-9D8E-0F1A2B3C4D5E}.Release|x64.ActiveCfg = Release|Any CPU
		{B2C3D4E5-F6A7-5B6C-9D8E-0F1A2B3C4D5E}.Release|x64.Build.0 = Release|Any CPU
		{C3D4E5F6-A7B8-6C7D-AE9F-1A2B3C4D5E6F}.Debug|Any CPU.ActiveCfg = Debug|Any CPU
		{C3D4E5F6-A7B8-6C7D-AE9F-1A2B3C4D5E6F}.Debug|Any CPU.Build.0 = Debug|Any CPU
		{C3D4E5F6-A7B8-6C7D-AE9F-1A2B3C4D5E6F}.Debug|x64.ActiveCfg = Debug|Any CPU
		{C3D4E5F6-A7B8-6C7D-AE9F-1A2B3C4D5E6F}.Debug|x64.Build.0 = Debug|Any CPU
		{C3D4E5F6-A7B8-6C7D-AE9F-1A2B3C4D5E6F}.Release|Any CPU.ActiveCfg = Release|Any CPU
		{C3D4E5F6-A7B8-6C7D-AE9F-1A2B3C4D5E6F}.Release|Any CPU.Build.0 = Release|Any CPU
		{C3D4E5F6-A7B8-6C7D-AE9F-1A2B3C4D5E6F}.Release|x64.ActiveCfg = Release|Any CPU
		{C3D4E5F6-A7B8-6C7D-AE9F-1A2B3C4D5E6F}.Release|x64.Build.0 = Release|Any CPU
		{D4E5F6A7-B8C9-7D8E-BF0A-2B3C4D5E6F7A}.Debug|Any CPU.ActiveCfg = Debug|Any CPU
		{D4E5F6A7-B8C9-7D8E-BF0A-2B3C4D5E6F7A}.Debug|Any CPU.Build.0 = Debug|Any CPU
		{D4E5F6A7-B8C9-7D8E-BF0A-2B3C4D5E6F7A}.Debug|x64.ActiveCfg = Debug|Any CPU
		{D4E5F6A7-B8C9-7D8E-BF0A-2B3C4D5E6F7A}.Debug|x64.Build.0 = Debug|Any CPU
		{D4E5F6A7-B8C9-7D8E-BF0A-2B3C4D5E6F7A}.Release|Any CPU.ActiveCfg = Release|Any CPU
		{D4E5F6A7-B8C9-7D8E-BF0A-2B3C4D5E6F7A}.Release|Any CPU.Build.0 = Release|Any CPU
		{D4E5F6A7-B8C9-7D8E-BF0A-2B3C4D5E6F7A}.Release|x64.ActiveCfg = Release|Any CPU
		{D4E5F6A7-B8C9-7D8E-BF0A-2B3C4D5E6F7A}.Release|x64.Build.0 = Release|Any CPU
		{E5F6A7B8-C9DA-8E9F-C0B1-3C4D5E6F7A8C}.Debug|Any CPU.ActiveCfg = Debug|Any CPU
		{E5F6A7B8-C9DA-8E9F-C0B1-3C4D5E6F7A8C}.Debug|Any CPU.Build.0 = Debug|Any CPU
		{E5F6A7B8-C9DA-8E9F-C0B1-3C4D5E6F7A8C}.Debug|x64.ActiveCfg = Debug|Any CPU
		{E5F6A7B8-C9DA-8E9F-C0B1-3C4D5E6F7A8C}.Debug|x64.Build.0 = Debug|Any CPU
		{E5F6A7B8-C9DA-8E9F-C0B1-3C4D5E6F7A8C}.Release|Any CPU.ActiveCfg = Release|Any CPU
		{E5F6A7B8-C9DA-8E9F-C0B1-3C4D5E6F7A8C}.Release|Any CPU.Build.0 = Release|Any CPU
		{E5F6A7B8-C9DA-8E9F-C0B1-3C4D5E6F7A8C}.Release|x64.ActiveCfg = Release|Any CPU
		{E5F6A7B8-C9DA-8E9F-C0B1-3C4D5E6F7A8C}.Release|x64.Build.0 = Release|Any CPU
	EndGlobalSection
	GlobalSection(SolutionProperties) = preSolution
		HideSolutionNode = FALSE
	EndGlobalSection
	GlobalSection(ExtensibilityGlobals) = postSolution
		SolutionGuid = {F6A7B8C9-DAEB-9F0A-D1C2-4D5E6F7A8B9C}
	EndGlobalSection
EndGlobal
